
Microsoft Visual Studio Solution File, Format Version 12.00
Project("{FAE04EC0-301F-11D3-BF4B-00C04F79EFBC}") = "chaosinitiative.com", "ChaosInitiative.Web.HomePage\ChaosInitiative.Web.HomePage.csproj", "{A6EDD5E6-8EC1-4DBE-BCEF-15F09D95ACE3}"
EndProject
Project("{FAE04EC0-301F-11D3-BF4B-00C04F79EFBC}") = "portal2communityedition.com", "ChaosInitiative.Web.P2CE\ChaosInitiative.Web.P2CE.csproj", "{79E15FCF-21E4-412B-892B-20BD8E9D9043}"
EndProject
Project("{FAE04EC0-301F-11D3-BF4B-00C04F79EFBC}") = "ChaosInitiative.Web.Shared", "ChaosInitiative.Web.Shared\ChaosInitiative.Web.Shared.csproj", "{4DDC89A7-6CDC-4F0F-9459-EA1E23326F35}"
EndProject
Project("{FAE04EC0-301F-11D3-BF4B-00C04F79EFBC}") = "ChaosInitiative.Web.ControlPanel", "ChaosInitiative.Web.ControlPanel\ChaosInitiative.Web.ControlPanel.csproj", "{51377721-D369-4C00-99AB-2418BD3600B7}"
EndProject
Project("{FAE04EC0-301F-11D3-BF4B-00C04F79EFBC}") = "ChaosInitiative.Web.ControlPanel.Tests", "ChaosInitiative.Web.ControlPanel.Tests\ChaosInitiative.Web.ControlPanel.Tests.csproj", "{5674BA92-C322-44A7-A1DD-2010F9C175BD}"
EndProject
Project("{FAE04EC0-301F-11D3-BF4B-00C04F79EFBC}") = "ChaosInitiative.Web.Shared.Tests", "ChaosInitiative.Web.Shared.Tests\ChaosInitiative.Web.Shared.Tests.csproj", "{01243468-986A-4397-A94A-1E0A3DBB13C3}"
EndProject
Project("{FAE04EC0-301F-11D3-BF4B-00C04F79EFBC}") = "ChaosInitiative.Web.P2CE.Tests", "ChaosInitiative.Web.P2CE.Tests\ChaosInitiative.Web.P2CE.Tests.csproj", "{4FF7D223-1D7D-42A2-9002-62CD4DE803FB}"
EndProject
Project("{FAE04EC0-301F-11D3-BF4B-00C04F79EFBC}") = "ChaosInitiative.Web.HomePage.Tests", "ChaosInitiative.Web.HomePage.Tests\ChaosInitiative.Web.HomePage.Tests.csproj", "{111F590B-CF80-4753-A22A-1D977F9E2A67}"
EndProject
Global
	GlobalSection(SolutionConfigurationPlatforms) = preSolution
		Debug|Any CPU = Debug|Any CPU
		Release|Any CPU = Release|Any CPU
	EndGlobalSection
	GlobalSection(ProjectConfigurationPlatforms) = postSolution
		{A6EDD5E6-8EC1-4DBE-BCEF-15F09D95ACE3}.Debug|Any CPU.ActiveCfg = Debug|Any CPU
		{A6EDD5E6-8EC1-4DBE-BCEF-15F09D95ACE3}.Debug|Any CPU.Build.0 = Debug|Any CPU
		{A6EDD5E6-8EC1-4DBE-BCEF-15F09D95ACE3}.Release|Any CPU.ActiveCfg = Release|Any CPU
		{A6EDD5E6-8EC1-4DBE-BCEF-15F09D95ACE3}.Release|Any CPU.Build.0 = Release|Any CPU
		{79E15FCF-21E4-412B-892B-20BD8E9D9043}.Debug|Any CPU.ActiveCfg = Debug|Any CPU
		{79E15FCF-21E4-412B-892B-20BD8E9D9043}.Debug|Any CPU.Build.0 = Debug|Any CPU
		{79E15FCF-21E4-412B-892B-20BD8E9D9043}.Release|Any CPU.ActiveCfg = Release|Any CPU
		{79E15FCF-21E4-412B-892B-20BD8E9D9043}.Release|Any CPU.Build.0 = Release|Any CPU
		{4DDC89A7-6CDC-4F0F-9459-EA1E23326F35}.Debug|Any CPU.ActiveCfg = Debug|Any CPU
		{4DDC89A7-6CDC-4F0F-9459-EA1E23326F35}.Debug|Any CPU.Build.0 = Debug|Any CPU
		{4DDC89A7-6CDC-4F0F-9459-EA1E23326F35}.Release|Any CPU.ActiveCfg = Release|Any CPU
		{4DDC89A7-6CDC-4F0F-9459-EA1E23326F35}.Release|Any CPU.Build.0 = Release|Any CPU
		{51377721-D369-4C00-99AB-2418BD3600B7}.Debug|Any CPU.ActiveCfg = Debug|Any CPU
		{51377721-D369-4C00-99AB-2418BD3600B7}.Debug|Any CPU.Build.0 = Debug|Any CPU
		{51377721-D369-4C00-99AB-2418BD3600B7}.Release|Any CPU.ActiveCfg = Release|Any CPU
		{51377721-D369-4C00-99AB-2418BD3600B7}.Release|Any CPU.Build.0 = Release|Any CPU
		{5674BA92-C322-44A7-A1DD-2010F9C175BD}.Debug|Any CPU.ActiveCfg = Debug|Any CPU
		{5674BA92-C322-44A7-A1DD-2010F9C175BD}.Debug|Any CPU.Build.0 = Debug|Any CPU
		{5674BA92-C322-44A7-A1DD-2010F9C175BD}.Release|Any CPU.ActiveCfg = Release|Any CPU
		{5674BA92-C322-44A7-A1DD-2010F9C175BD}.Release|Any CPU.Build.0 = Release|Any CPU
		{01243468-986A-4397-A94A-1E0A3DBB13C3}.Debug|Any CPU.ActiveCfg = Debug|Any CPU
		{01243468-986A-4397-A94A-1E0A3DBB13C3}.Debug|Any CPU.Build.0 = Debug|Any CPU
		{01243468-986A-4397-A94A-1E0A3DBB13C3}.Release|Any CPU.ActiveCfg = Release|Any CPU
		{01243468-986A-4397-A94A-1E0A3DBB13C3}.Release|Any CPU.Build.0 = Release|Any CPU
		{4FF7D223-1D7D-42A2-9002-62CD4DE803FB}.Debug|Any CPU.ActiveCfg = Debug|Any CPU
		{4FF7D223-1D7D-42A2-9002-62CD4DE803FB}.Debug|Any CPU.Build.0 = Debug|Any CPU
		{4FF7D223-1D7D-42A2-9002-62CD4DE803FB}.Release|Any CPU.ActiveCfg = Release|Any CPU
		{4FF7D223-1D7D-42A2-9002-62CD4DE803FB}.Release|Any CPU.Build.0 = Release|Any CPU
		{111F590B-CF80-4753-A22A-1D977F9E2A67}.Debug|Any CPU.ActiveCfg = Debug|Any CPU
		{111F590B-CF80-4753-A22A-1D977F9E2A67}.Debug|Any CPU.Build.0 = Debug|Any CPU
		{111F590B-CF80-4753-A22A-1D977F9E2A67}.Release|Any CPU.ActiveCfg = Release|Any CPU
		{111F590B-CF80-4753-A22A-1D977F9E2A67}.Release|Any CPU.Build.0 = Release|Any CPU
	EndGlobalSection
EndGlobal
